
Microsoft Visual Studio Solution File, Format Version 12.00
# Visual Studio Version 16
VisualStudioVersion = 16.0.29424.173
MinimumVisualStudioVersion = 10.0.40219.1
Project("{FAE04EC0-301F-11D3-BF4B-00C04F79EFBC}") = "TcpServer", "TcpServer\TcpServer.csproj", "{CC394F76-0D46-4346-94D5-3EF4B980658F}"
EndProject
Project("{FAE04EC0-301F-11D3-BF4B-00C04F79EFBC}") = "TcpClient", "TcpClient\TcpClient.csproj", "{57E45261-ACEF-4495-A3F0-F2E8C47AC3F9}"
EndProject
Global
	GlobalSection(SolutionConfigurationPlatforms) = preSolution
		Debug|Any CPU = Debug|Any CPU
		Release|Any CPU = Release|Any CPU
	EndGlobalSection
	GlobalSection(ProjectConfigurationPlatforms) = postSolution
		{CC394F76-0D46-4346-94D5-3EF4B980658F}.Debug|Any CPU.ActiveCfg = Debug|Any CPU
		{CC394F76-0D46-4346-94D5-3EF4B980658F}.Debug|Any CPU.Build.0 = Debug|Any CPU
		{CC394F76-0D46-4346-94D5-3EF4B980658F}.Release|Any CPU.ActiveCfg = Release|Any CPU
		{CC394F76-0D46-4346-94D5-3EF4B980658F}.Release|Any CPU.Build.0 = Release|Any CPU
		{57E45261-ACEF-4495-A3F0-F2E8C47AC3F9}.Debug|Any CPU.ActiveCfg = Debug|Any CPU
		{57E45261-ACEF-4495-A3F0-F2E8C47AC3F9}.Debug|Any CPU.Build.0 = Debug|Any CPU
		{57E45261-ACEF-4495-A3F0-F2E8C47AC3F9}.Release|Any CPU.ActiveCfg = Release|Any CPU
		{57E45261-ACEF-4495-A3F0-F2E8C47AC3F9}.Release|Any CPU.Build.0 = Release|Any CPU
	EndGlobalSection
	GlobalSection(SolutionProperties) = preSolution
		HideSolutionNode = FALSE
	EndGlobalSection
	GlobalSection(ExtensibilityGlobals) = postSolution
		SolutionGuid = {7A47320E-5686-4B0E-AB03-A31BB544923E}
	EndGlobalSection
EndGlobal
